<?xml version="1.0" encoding="utf-8"?>
<Project ToolsVersion="4.0" xmlns="http://schemas.microsoft.com/developer/msbuild/2003">
  <ItemGroup>
    <Filter Include="Mirra">
      <UniqueIdentifier>{C0E6AB0D-2CFB-D3BE-F57C-771E6150D0EF}</UniqueIdentifier>
    </Filter>
    <Filter Include="Mirra\Events">
      <UniqueIdentifier>{A47A62C1-90DD-F165-3963-2A1C25A5BDE8}</UniqueIdentifier>
    </Filter>
  </ItemGroup>
  <ItemGroup>
    <ClInclude Include="src\Mirra.h" />
    <ClInclude Include="src\Mirra\Application.h">
      <Filter>Mirra</Filter>
    </ClInclude>
    <ClInclude Include="src\Mirra\Core.h">
      <Filter>Mirra</Filter>
    </ClInclude>
    <ClInclude Include="src\Mirra\EntryPoint.h">
      <Filter>Mirra</Filter>
    </ClInclude>
    <ClInclude Include="src\Mirra\Events\ApplicationEvent.h">
      <Filter>Mirra\Events</Filter>
    </ClInclude>
    <ClInclude Include="src\Mirra\Events\Event.h">
      <Filter>Mirra\Events</Filter>
    </ClInclude>
    <ClInclude Include="src\Mirra\Events\KeyEvent.h">
      <Filter>Mirra\Events</Filter>
    </ClInclude>
    <ClInclude Include="src\Mirra\Events\MouseEvent.h">
      <Filter>Mirra\Events</Filter>
    </ClInclude>
    <ClInclude Include="src\Mirra\Logger.h">
      <Filter>Mirra</Filter>
    </ClInclude>
    <ClInclude Include="src\mpch.h" />
  </ItemGroup>
  <ItemGroup>
    <ClCompile Include="src\Mirra\Application.cpp">
      <Filter>Mirra</Filter>
    </ClCompile>
    <ClCompile Include="src\Mirra\Logger.cpp">
      <Filter>Mirra</Filter>
    </ClCompile>
    <ClCompile Include="src\mpch.cpp" />
  </ItemGroup>
</Project>